
Microsoft Visual Studio Solution File, Format Version 12.00
# Visual Studio Version 17
VisualStudioVersion = 17.3.32901.215
MinimumVisualStudioVersion = 10.0.40219.1
Project("{FAE04EC0-301F-11D3-BF4B-00C04F79EFBC}") = "RaycasterEngine", "RaycasterEngine\RaycasterEngine.csproj", "{E8B7CD17-9A7C-4357-8C97-748700684991}"
EndProject
Global
	GlobalSection(SolutionConfigurationPlatforms) = preSolution
		Debug|Any CPU = Debug|Any CPU
		Release|Any CPU = Release|Any CPU
	EndGlobalSection
	GlobalSection(ProjectConfigurationPlatforms) = postSolution
		{E8B7CD17-9A7C-4357-8C97-748700684991}.Debug|Any CPU.ActiveCfg = Debug|Any CPU
		{E8B7CD17-9A7C-4357-8C97-748700684991}.Debug|Any CPU.Build.0 = Debug|Any CPU
		{E8B7CD17-9A7C-4357-8C97-748700684991}.Release|Any CPU.ActiveCfg = Release|Any CPU
		{E8B7CD17-9A7C-4357-8C97-748700684991}.Release|Any CPU.Build.0 = Release|Any CPU
	EndGlobalSection
	GlobalSection(SolutionProperties) = preSolution
		HideSolutionNode = FALSE
	EndGlobalSection
	GlobalSection(ExtensibilityGlobals) = postSolution
		SolutionGuid = {977AECC0-4CDD-481B-9B33-3454640F071A}
	EndGlobalSection
EndGlobal
